
Microsoft Visual Studio Solution File, Format Version 12.00
Project("{FAE04EC0-301F-11D3-BF4B-00C04F79EFBC}") = "StarTrekOnline-ServerStatus", "StarTrekOnline-ServerStatus\StarTrekOnline-ServerStatus.csproj", "{2DD3FCCA-FA0D-411C-92E8-B272ADD4FC50}"
EndProject
Global
	GlobalSection(SolutionConfigurationPlatforms) = preSolution
		Debug|Any CPU = Debug|Any CPU
		Release|Any CPU = Release|Any CPU
	EndGlobalSection
	GlobalSection(ProjectConfigurationPlatforms) = postSolution
		{2DD3FCCA-FA0D-411C-92E8-B272ADD4FC50}.Debug|Any CPU.ActiveCfg = Debug|Any CPU
		{2DD3FCCA-FA0D-411C-92E8-B272ADD4FC50}.Debug|Any CPU.Build.0 = Debug|Any CPU
		{2DD3FCCA-FA0D-411C-92E8-B272ADD4FC50}.Release|Any CPU.ActiveCfg = Release|Any CPU
		{2DD3FCCA-FA0D-411C-92E8-B272ADD4FC50}.Release|Any CPU.Build.0 = Release|Any CPU
	EndGlobalSection
EndGlobal
